<?xml version="1.0" encoding="utf-8"?>
<Project ToolsVersion="4.0" xmlns="http://schemas.microsoft.com/developer/msbuild/2003">
  <ItemGroup>
    <Filter Include="Source Files">
      <UniqueIdentifier>{4FC737F1-C7A5-4376-A066-2A32D752A2FF}</UniqueIdentifier>
      <Extensions>cpp;c;cc;cxx;c++;cppm;ixx;def;odl;idl;hpj;bat;asm;asmx</Extensions>
    </Filter>
    <Filter Include="Header Files">
      <UniqueIdentifier>{93995380-89BD-4b04-88EB-625FBE52EBFB}</UniqueIdentifier>
      <Extensions>h;hh;hpp;hxx;h++;hm;inl;inc;ipp;xsd</Extensions>
    </Filter>
    <Filter Include="res">
      <UniqueIdentifier>{6e100e87-42a0-4ba3-ae73-943cc040013d}</UniqueIdentifier>
    </Filter>
    <Filter Include="res\shader">
      <UniqueIdentifier>{3671f4eb-6a27-4bd6-9bda-43752827a390}</UniqueIdentifier>
    </Filter>
    <Filter Include="Source Files\OpenGL">
      <UniqueIdentifier>{07676bd0-011b-4fb3-8ecf-77d80547e025}</UniqueIdentifier>
    </Filter>
    <Filter Include="Header Files\vendor">
      <UniqueIdentifier>{5d5a7cb5-ffb5-47d3-9285-3a78bfddaffd}</UniqueIdentifier>
    </Filter>
    <Filter Include="Header Files\vendor\stb_image">
      <UniqueIdentifier>{be01a336-854b-4650-9fc1-a820a241aa14}</UniqueIdentifier>
    </Filter>
    <Filter Include="Header Files\Managers">
      <UniqueIdentifier>{6380ad27-0ac2-42b2-9199-e1dbd6baeb61}</UniqueIdentifier>
    </Filter>
    <Filter Include="Header Files\OpenGL">
      <UniqueIdentifier>{3e83c333-1e21-4178-b2c6-e00f9128ec98}</UniqueIdentifier>
    </Filter>
    <Filter Include="Header Files\InterfaceClasses">
      <UniqueIdentifier>{d7e4656f-1d2d-428c-9919-7c1494a2fd99}</UniqueIdentifier>
    </Filter>
    <Filter Include="Header Files\GameObjects">
      <UniqueIdentifier>{2b82c3ab-f4f1-4b02-8102-4446de498857}</UniqueIdentifier>
    </Filter>
    <Filter Include="Source Files\InterfaceClasses">
      <UniqueIdentifier>{86cc9e78-5d63-44f8-b1a7-069ff2c6abc4}</UniqueIdentifier>
    </Filter>
    <Filter Include="Source Files\GameObjects">
      <UniqueIdentifier>{c9da1ec5-1653-45e6-8a5e-5df3af1145dc}</UniqueIdentifier>
    </Filter>
  </ItemGroup>
  <ItemGroup>
    <ClCompile Include="Main.cpp">
      <Filter>Source Files</Filter>
    </ClCompile>
    <ClCompile Include="Global.cpp">
      <Filter>Source Files</Filter>
    </ClCompile>
    <ClCompile Include="src\vendor\stb_image\stb_image.cpp">
      <Filter>Source Files\OpenGL</Filter>
    </ClCompile>
    <ClCompile Include="VertexArray.cpp">
      <Filter>Source Files\OpenGL</Filter>
    </ClCompile>
    <ClCompile Include="VertexBuffer.cpp">
      <Filter>Source Files\OpenGL</Filter>
    </ClCompile>
    <ClCompile Include="IndexBuffer.cpp">
      <Filter>Source Files\OpenGL</Filter>
    </ClCompile>
    <ClCompile Include="Renderer.cpp">
      <Filter>Source Files\OpenGL</Filter>
    </ClCompile>
    <ClCompile Include="Shader.cpp">
      <Filter>Source Files\OpenGL</Filter>
    </ClCompile>
    <ClCompile Include="Texture.cpp">
      <Filter>Source Files\OpenGL</Filter>
    </ClCompile>
    <ClCompile Include="Camera.cpp">
      <Filter>Source Files</Filter>
    </ClCompile>
    <ClCompile Include="Money.cpp">
      <Filter>Source Files\InterfaceClasses</Filter>
    </ClCompile>
    <ClCompile Include="Storage.cpp">
      <Filter>Source Files\InterfaceClasses</Filter>
    </ClCompile>
    <ClCompile Include="ShopMenu.cpp">
      <Filter>Source Files\InterfaceClasses</Filter>
    </ClCompile>
    <ClCompile Include="Text.cpp">
      <Filter>Source Files\InterfaceClasses</Filter>
    </ClCompile>
    <ClCompile Include="Block.cpp">
      <Filter>Source Files\GameObjects</Filter>
    </ClCompile>
    <ClCompile Include="Machine.cpp">
      <Filter>Source Files\GameObjects</Filter>
    </ClCompile>
    <ClCompile Include="Shop.cpp">
      <Filter>Source Files\GameObjects</Filter>
    </ClCompile>
    <ClCompile Include="Drill.cpp">
      <Filter>Source Files</Filter>
    </ClCompile>
    <ClCompile Include="FuelTank.cpp">
      <Filter>Source Files\InterfaceClasses</Filter>
    </ClCompile>
    <ClCompile Include="GasStation.cpp">
      <Filter>Source Files\GameObjects</Filter>
    </ClCompile>
    <ClCompile Include="Slider.cpp">
      <Filter>Source Files\InterfaceClasses</Filter>
    </ClCompile>
    <ClCompile Include="GasStationMenu.cpp">
      <Filter>Source Files\InterfaceClasses</Filter>
    </ClCompile>
    <ClCompile Include="DialogBox.cpp">
      <Filter>Source Files</Filter>
    </ClCompile>
    <ClCompile Include="GameObject.cpp">
      <Filter>Source Files\GameObjects</Filter>
    </ClCompile>
    <ClCompile Include="InterfaceObject.cpp">
      <Filter>Source Files\InterfaceClasses</Filter>
    </ClCompile>
    <ClCompile Include="Animation.cpp">
      <Filter>Source Files</Filter>
    </ClCompile>
  </ItemGroup>
  <ItemGroup>
    <None Include="res\shaders\Basic.shader">
      <Filter>res\shader</Filter>
    </None>
  </ItemGroup>
  <ItemGroup>
    <ClInclude Include="Global.h">
      <Filter>Header Files</Filter>
    </ClInclude>
    <ClInclude Include="IndexBuffer.h">
      <Filter>Header Files\OpenGL</Filter>
    </ClInclude>
    <ClInclude Include="Renderer.h">
      <Filter>Header Files\OpenGL</Filter>
    </ClInclude>
    <ClInclude Include="Shader.h">
      <Filter>Header Files\OpenGL</Filter>
    </ClInclude>
    <ClInclude Include="src\vendor\stb_image\stb_image.h">
      <Filter>Header Files\OpenGL</Filter>
    </ClInclude>
    <ClInclude Include="VertexArray.h">
      <Filter>Header Files\OpenGL</Filter>
    </ClInclude>
    <ClInclude Include="VertexBuffer.h">
      <Filter>Header Files\OpenGL</Filter>
    </ClInclude>
    <ClInclude Include="VertexBufferLayout.h">
      <Filter>Header Files\OpenGL</Filter>
    </ClInclude>
    <ClInclude Include="Texture.h">
      <Filter>Header Files\OpenGL</Filter>
    </ClInclude>
    <ClInclude Include="Camera.h">
      <Filter>Header Files</Filter>
    </ClInclude>
    <ClInclude Include="CollisionManager.h">
      <Filter>Header Files\Managers</Filter>
    </ClInclude>
    <ClInclude Include="InterfaceManager.h">
      <Filter>Header Files\Managers</Filter>
    </ClInclude>
    <ClInclude Include="TextureManager.h">
      <Filter>Header Files\Managers</Filter>
    </ClInclude>
    <ClInclude Include="World.h">
      <Filter>Header Files\Managers</Filter>
    </ClInclude>
    <ClInclude Include="InterfaceObject.h">
      <Filter>Header Files\InterfaceClasses</Filter>
    </ClInclude>
    <ClInclude Include="ShopMenu.h">
      <Filter>Header Files\InterfaceClasses</Filter>
    </ClInclude>
    <ClInclude Include="Money.h">
      <Filter>Header Files\InterfaceClasses</Filter>
    </ClInclude>
    <ClInclude Include="Text.h">
      <Filter>Header Files\InterfaceClasses</Filter>
    </ClInclude>
    <ClInclude Include="Storage.h">
      <Filter>Header Files\InterfaceClasses</Filter>
    </ClInclude>
    <ClInclude Include="Machine.h">
      <Filter>Header Files\GameObjects</Filter>
    </ClInclude>
    <ClInclude Include="Block.h">
      <Filter>Header Files\GameObjects</Filter>
    </ClInclude>
    <ClInclude Include="Shop.h">
      <Filter>Header Files\GameObjects</Filter>
    </ClInclude>
    <ClInclude Include="GameObject.h">
      <Filter>Header Files\GameObjects</Filter>
    </ClInclude>
    <ClInclude Include="Drill.h">
      <Filter>Header Files</Filter>
    </ClInclude>
    <ClInclude Include="Button.h">
      <Filter>Header Files\InterfaceClasses</Filter>
    </ClInclude>
    <ClInclude Include="FuelTank.h">
      <Filter>Header Files\InterfaceClasses</Filter>
    </ClInclude>
    <ClInclude Include="GasStation.h">
      <Filter>Header Files\GameObjects</Filter>
    </ClInclude>
    <ClInclude Include="Slider.h">
      <Filter>Header Files\InterfaceClasses</Filter>
    </ClInclude>
    <ClInclude Include="GasStationMenu.h">
      <Filter>Header Files\InterfaceClasses</Filter>
    </ClInclude>
    <ClInclude Include="DialogBox.h">
      <Filter>Header Files\InterfaceClasses</Filter>
    </ClInclude>
    <ClInclude Include="Animation.h">
      <Filter>Header Files</Filter>
    </ClInclude>
    <ClInclude Include="Timer.h">
      <Filter>Header Files</Filter>
    </ClInclude>
  </ItemGroup>
</Project>